
Microsoft Visual Studio Solution File, Format Version 12.00
# Visual Studio 15
VisualStudioVersion = 15.0.28307.271
MinimumVisualStudioVersion = 10.0.40219.1
Project("{FAE04EC0-301F-11D3-BF4B-00C04F79EFBC}") = "AgileTestProj", "AgileTestProj\AgileTestProj.csproj", "{A8122FAE-46FE-42F2-BA0C-8A21A41BE880}"
EndProject
Project("{9A19103F-16F7-4668-BE54-9A1E7A4F7556}") = "Agile.Repository", "Agile.Repository\Agile.Repository.csproj", "{70623982-F9B0-4118-994A-F68DEC36B56B}"
EndProject
Project("{9A19103F-16F7-4668-BE54-9A1E7A4F7556}") = "Agile.Repository.Abstract", "Agile.Repository.Abstract\Agile.Repository.Abstract.csproj", "{B2683EE5-BB90-4D8F-AFB6-0E7AF6D6405D}"
EndProject
Global
	GlobalSection(SolutionConfigurationPlatforms) = preSolution
		Debug|Any CPU = Debug|Any CPU
		Release|Any CPU = Release|Any CPU
	EndGlobalSection
	GlobalSection(ProjectConfigurationPlatforms) = postSolution
		{A8122FAE-46FE-42F2-BA0C-8A21A41BE880}.Debug|Any CPU.ActiveCfg = Debug|Any CPU
		{A8122FAE-46FE-42F2-BA0C-8A21A41BE880}.Debug|Any CPU.Build.0 = Debug|Any CPU
		{A8122FAE-46FE-42F2-BA0C-8A21A41BE880}.Release|Any CPU.ActiveCfg = Release|Any CPU
		{A8122FAE-46FE-42F2-BA0C-8A21A41BE880}.Release|Any CPU.Build.0 = Release|Any CPU
		{70623982-F9B0-4118-994A-F68DEC36B56B}.Debug|Any CPU.ActiveCfg = Debug|Any CPU
		{70623982-F9B0-4118-994A-F68DEC36B56B}.Debug|Any CPU.Build.0 = Debug|Any CPU
		{70623982-F9B0-4118-994A-F68DEC36B56B}.Release|Any CPU.ActiveCfg = Release|Any CPU
		{70623982-F9B0-4118-994A-F68DEC36B56B}.Release|Any CPU.Build.0 = Release|Any CPU
		{B2683EE5-BB90-4D8F-AFB6-0E7AF6D6405D}.Debug|Any CPU.ActiveCfg = Debug|Any CPU
		{B2683EE5-BB90-4D8F-AFB6-0E7AF6D6405D}.Debug|Any CPU.Build.0 = Debug|Any CPU
		{B2683EE5-BB90-4D8F-AFB6-0E7AF6D6405D}.Release|Any CPU.ActiveCfg = Release|Any CPU
		{B2683EE5-BB90-4D8F-AFB6-0E7AF6D6405D}.Release|Any CPU.Build.0 = Release|Any CPU
	EndGlobalSection
	GlobalSection(SolutionProperties) = preSolution
		HideSolutionNode = FALSE
	EndGlobalSection
	GlobalSection(ExtensibilityGlobals) = postSolution
		SolutionGuid = {95C6255C-40E9-4D81-9DA8-CA6A67D0850A}
	EndGlobalSection
EndGlobal
